
Microsoft Visual Studio Solution File, Format Version 12.00
# Visual Studio Version 17
VisualStudioVersion = 17.2.32630.192
MinimumVisualStudioVersion = 10.0.40219.1
Project("{FAE04EC0-301F-11D3-BF4B-00C04F79EFBC}") = "AgreementManagement", "AgreementManagement\AgreementManagement.csproj", "{EBB6711C-2EDC-4451-B270-653682989611}"
EndProject
Project("{FAE04EC0-301F-11D3-BF4B-00C04F79EFBC}") = "AgreementManagement.Domain", "AgreementManagement.Domain\AgreementManagement.Domain.csproj", "{1B0EBDED-1A9B-4A72-ACDE-2683B8BADE3F}"
EndProject
Project("{FAE04EC0-301F-11D3-BF4B-00C04F79EFBC}") = "AgreementManagement.Common", "AgreementManagement.Common\AgreementManagement.Common.csproj", "{32A89F78-C75B-4AF5-B3B3-EAD49E9888ED}"
EndProject
Project("{FAE04EC0-301F-11D3-BF4B-00C04F79EFBC}") = "AgreementManagement.Application", "AgreementManagement.Application\AgreementManagement.Application.csproj", "{DB4F3A7A-9D09-439A-B85E-A5F01CDCCFC8}"
EndProject
Global
	GlobalSection(SolutionConfigurationPlatforms) = preSolution
		Debug|Any CPU = Debug|Any CPU
		Release|Any CPU = Release|Any CPU
	EndGlobalSection
	GlobalSection(ProjectConfigurationPlatforms) = postSolution
		{EBB6711C-2EDC-4451-B270-653682989611}.Debug|Any CPU.ActiveCfg = Debug|Any CPU
		{EBB6711C-2EDC-4451-B270-653682989611}.Debug|Any CPU.Build.0 = Debug|Any CPU
		{EBB6711C-2EDC-4451-B270-653682989611}.Release|Any CPU.ActiveCfg = Release|Any CPU
		{EBB6711C-2EDC-4451-B270-653682989611}.Release|Any CPU.Build.0 = Release|Any CPU
		{1B0EBDED-1A9B-4A72-ACDE-2683B8BADE3F}.Debug|Any CPU.ActiveCfg = Debug|Any CPU
		{1B0EBDED-1A9B-4A72-ACDE-2683B8BADE3F}.Debug|Any CPU.Build.0 = Debug|Any CPU
		{1B0EBDED-1A9B-4A72-ACDE-2683B8BADE3F}.Release|Any CPU.ActiveCfg = Release|Any CPU
		{1B0EBDED-1A9B-4A72-ACDE-2683B8BADE3F}.Release|Any CPU.Build.0 = Release|Any CPU
		{32A89F78-C75B-4AF5-B3B3-EAD49E9888ED}.Debug|Any CPU.ActiveCfg = Debug|Any CPU
		{32A89F78-C75B-4AF5-B3B3-EAD49E9888ED}.Debug|Any CPU.Build.0 = Debug|Any CPU
		{32A89F78-C75B-4AF5-B3B3-EAD49E9888ED}.Release|Any CPU.ActiveCfg = Release|Any CPU
		{32A89F78-C75B-4AF5-B3B3-EAD49E9888ED}.Release|Any CPU.Build.0 = Release|Any CPU
		{DB4F3A7A-9D09-439A-B85E-A5F01CDCCFC8}.Debug|Any CPU.ActiveCfg = Debug|Any CPU
		{DB4F3A7A-9D09-439A-B85E-A5F01CDCCFC8}.Debug|Any CPU.Build.0 = Debug|Any CPU
		{DB4F3A7A-9D09-439A-B85E-A5F01CDCCFC8}.Release|Any CPU.ActiveCfg = Release|Any CPU
		{DB4F3A7A-9D09-439A-B85E-A5F01CDCCFC8}.Release|Any CPU.Build.0 = Release|Any CPU
	EndGlobalSection
	GlobalSection(SolutionProperties) = preSolution
		HideSolutionNode = FALSE
	EndGlobalSection
	GlobalSection(ExtensibilityGlobals) = postSolution
		SolutionGuid = {5FDF4AC5-BFF4-4FB7-A85D-8BA259517027}
	EndGlobalSection
EndGlobal
